{
  "lockfile_version": "1",
  "packages": {
    "poetry@1.7.1": {
      "last_modified": "2024-02-24T23:06:34Z",
      "plugin_version": "0.0.4",
      "resolved": "github:NixOS/nixpkgs/9a9dae8f6319600fa9aebde37f340975cab4b8c0#poetry",
      "source": "devbox-search",
      "version": "1.7.1",
      "systems": {
        "aarch64-darwin": {
          "outputs": [
            {
              "name": "out",
              "path": "/nix/store/7d2mr3m7qha3i8bxd5mjb8nbh8igq1nb-python3.11-poetry-1.7.1",
              "default": true
            },
            {
              "name": "dist",
              "path": "/nix/store/qzzwx13pkxc37dzxbmihxnm15dy7xr3z-python3.11-poetry-1.7.1-dist"
            }
          ],
          "store_path": "/nix/store/7d2mr3m7qha3i8bxd5mjb8nbh8igq1nb-python3.11-poetry-1.7.1"
        },
        "aarch64-linux": {
          "outputs": [
            {
              "name": "out",
              "path": "/nix/store/9dv6lwqcc5ykkqma71b85b366fwx9nkz-python3.11-poetry-1.7.1",
              "default": true
            },
            {
              "name": "dist",
              "path": "/nix/store/c7wbg5ss3ij510kp71n9liz5j6q2c7g5-python3.11-poetry-1.7.1-dist"
            }
          ],
          "store_path": "/nix/store/9dv6lwqcc5ykkqma71b85b366fwx9nkz-python3.11-poetry-1.7.1"
        },
        "x86_64-darwin": {
          "outputs": [
            {
              "name": "out",
              "path": "/nix/store/idx6rj229d87wxwdl3a1r7v4zd64xij2-python3.11-poetry-1.7.1",
              "default": true
            },
            {
              "name": "dist",
              "path": "/nix/store/2hwrw0l72xalin1cdgzvx9br87w2601c-python3.11-poetry-1.7.1-dist"
            }
          ],
          "store_path": "/nix/store/idx6rj229d87wxwdl3a1r7v4zd64xij2-python3.11-poetry-1.7.1"
        },
        "x86_64-linux": {
          "outputs": [
            {
              "name": "out",
              "path": "/nix/store/fz138wnp8c6v50g9mypin45y4rax1wyg-python3.11-poetry-1.7.1",
              "default": true
            },
            {
              "name": "dist",
              "path": "/nix/store/1jh824v2rkqf5jd8k17n7q4fc9l25kd8-python3.11-poetry-1.7.1-dist"
            }
          ],
          "store_path": "/nix/store/fz138wnp8c6v50g9mypin45y4rax1wyg-python3.11-poetry-1.7.1"
        }
      }
    },
    "python@3.11": {
      "last_modified": "2023-10-25T20:49:13Z",
      "plugin_version": "0.0.3",
      "resolved": "github:NixOS/nixpkgs/75a52265bda7fd25e06e3a67dee3f0354e73243c#python3",
      "source": "devbox-search",
      "version": "3.11.5",
      "systems": {
        "aarch64-darwin": {
          "store_path": "/nix/store/9mp1h1bi1l6bd15bqwpd0mf57gyz1brd-python3-3.11.5"
        },
        "aarch64-linux": {
          "store_path": "/nix/store/nxxghhhia9x1skpqfak4z407yy0mbnnd-python3-3.11.5"
        },
        "x86_64-darwin": {
          "store_path": "/nix/store/6hy9npmilhl8aydbsrs849p7b819sv4v-python3-3.11.5"
        },
        "x86_64-linux": {
          "store_path": "/nix/store/ffll6glz3gwx342z0ch8wx30p5cnqz1z-python3-3.11.5"
        }
      }
    }
  }
}
